
Microsoft Visual Studio Solution File, Format Version 12.00
# Visual Studio Version 17
VisualStudioVersion = 17.4.33110.190
MinimumVisualStudioVersion = 10.0.40219.1
Project("{9A19103F-16F7-4668-BE54-9A1E7A4F7556}") = "Lab3", "Lab1\Lab3.csproj", "{43E500A7-BAE6-4C7C-9250-470D0B5585CB}"
EndProject
Global
	GlobalSection(SolutionConfigurationPlatforms) = preSolution
		Debug|Any CPU = Debug|Any CPU
		Release|Any CPU = Release|Any CPU
	EndGlobalSection
	GlobalSection(ProjectConfigurationPlatforms) = postSolution
		{43E500A7-BAE6-4C7C-9250-470D0B5585CB}.Debug|Any CPU.ActiveCfg = Debug|Any CPU
		{43E500A7-BAE6-4C7C-9250-470D0B5585CB}.Debug|Any CPU.Build.0 = Debug|Any CPU
		{43E500A7-BAE6-4C7C-9250-470D0B5585CB}.Release|Any CPU.ActiveCfg = Release|Any CPU
		{43E500A7-BAE6-4C7C-9250-470D0B5585CB}.Release|Any CPU.Build.0 = Release|Any CPU
	EndGlobalSection
	GlobalSection(SolutionProperties) = preSolution
		HideSolutionNode = FALSE
	EndGlobalSection
	GlobalSection(ExtensibilityGlobals) = postSolution
		SolutionGuid = {24D69EEF-7516-4DFB-86A3-28B90C481E90}
	EndGlobalSection
EndGlobal
